<?xml version="1.0" encoding="UTF-8"?>
<Scheme
   version = "1.3">
   <BuildAction>
      <BuildActionEntries>
         <BuildActionEntry
            buildForRunning = "YES">
            <BuildableReference
               BuildableIdentifier = "primary"
               BlueprintIdentifier = "4028B70D21ACA96F0001AE0B"
               BuildableName = "FizzBuzz.app"
               BlueprintName = "FizzBuzz"
               ReferencedContainer = "container:FizzBuzz.xcodeproj">
            </BuildableReference>
         </BuildActionEntry>
      </BuildActionEntries>
   </BuildAction>
   <LaunchAction
      useCustomWorkingDirectory = "NO"
      buildConfiguration = "Debug"
      allowLocationSimulation = "YES">
      <BuildableProductRunnable>
         <BuildableReference
            BuildableIdentifier = "primary"
            BlueprintIdentifier = "4028B70D21ACA96F0001AE0B"
            BuildableName = "FizzBuzz.app"
            BlueprintName = "FizzBuzz"
            ReferencedContainer = "container:FizzBuzz.xcodeproj">
         </BuildableReference>
      </BuildableProductRunnable>
   </LaunchAction>
</Scheme>
